// !$*UTF8*$!
{
	archiveVersion = 1;
	classes = {
	};
	objectVersion = 50;
	objects = {

/* Begin PBXBuildFile section */
		098DBB7422E202F600A9C325 /* CoUtiles.framework in Frameworks */ = {isa = PBXBuildFile; fileRef = 098DBB6A22E202F600A9C325 /* CoUtiles.framework */; };
		098DBB7922E202F600A9C325 /* CoUtilesTests.swift in Sources */ = {isa = PBXBuildFile; fileRef = 098DBB7822E202F600A9C325 /* CoUtilesTests.swift */; };
		098DBB7B22E202F600A9C325 /* CoUtiles.h in Headers */ = {isa = PBXBuildFile; fileRef = 098DBB6D22E202F600A9C325 /* CoUtiles.h */; settings = {ATTRIBUTES = (Public, ); }; };
		09BF729822E311D500EAC931 /* UIImage+Enhance.m in Sources */ = {isa = PBXBuildFile; fileRef = 09BF728822E311D500EAC931 /* UIImage+Enhance.m */; };
		09BF729922E311D500EAC931 /* NSArray+Enhance.m in Sources */ = {isa = PBXBuildFile; fileRef = 09BF728922E311D500EAC931 /* NSArray+Enhance.m */; };
		09BF729A22E311D500EAC931 /* UIViewController+Enhance.m in Sources */ = {isa = PBXBuildFile; fileRef = 09BF728A22E311D500EAC931 /* UIViewController+Enhance.m */; };
		09BF729B22E311D500EAC931 /* NSString+Enhance.m in Sources */ = {isa = PBXBuildFile; fileRef = 09BF728B22E311D500EAC931 /* NSString+Enhance.m */; };
		09BF729C22E311D500EAC931 /* NSArray+Enhance.h in Headers */ = {isa = PBXBuildFile; fileRef = 09BF728C22E311D500EAC931 /* NSArray+Enhance.h */; };
		09BF729D22E311D500EAC931 /* NSFileManager+Enhance.m in Sources */ = {isa = PBXBuildFile; fileRef = 09BF728D22E311D500EAC931 /* NSFileManager+Enhance.m */; };
		09BF729E22E311D500EAC931 /* NSString+Enhance.h in Headers */ = {isa = PBXBuildFile; fileRef = 09BF728E22E311D500EAC931 /* NSString+Enhance.h */; };
		09BF729F22E311D500EAC931 /* NSDictionary+Enhance.h in Headers */ = {isa = PBXBuildFile; fileRef = 09BF728F22E311D500EAC931 /* NSDictionary+Enhance.h */; };
		09BF72A022E311D500EAC931 /* UIView+Enhance.h in Headers */ = {isa = PBXBuildFile; fileRef = 09BF729022E311D500EAC931 /* UIView+Enhance.h */; };
		09BF72A122E311D500EAC931 /* NSData+Enhance.m in Sources */ = {isa = PBXBuildFile; fileRef = 09BF729122E311D500EAC931 /* NSData+Enhance.m */; };
		09BF72A222E311D500EAC931 /* UIViewController+Enhance.h in Headers */ = {isa = PBXBuildFile; fileRef = 09BF729222E311D500EAC931 /* UIViewController+Enhance.h */; };
		09BF72A322E311D500EAC931 /* NSDictionary+Enhance.m in Sources */ = {isa = PBXBuildFile; fileRef = 09BF729322E311D500EAC931 /* NSDictionary+Enhance.m */; };
		09BF72A422E311D500EAC931 /* UIImage+Enhance.h in Headers */ = {isa = PBXBuildFile; fileRef = 09BF729422E311D500EAC931 /* UIImage+Enhance.h */; };
		09BF72A522E311D500EAC931 /* NSFileManager+Enhance.h in Headers */ = {isa = PBXBuildFile; fileRef = 09BF729522E311D500EAC931 /* NSFileManager+Enhance.h */; };
		09BF72A622E311D500EAC931 /* NSData+Enhance.h in Headers */ = {isa = PBXBuildFile; fileRef = 09BF729622E311D500EAC931 /* NSData+Enhance.h */; };
		09BF72A722E311D500EAC931 /* UIView+Enhance.m in Sources */ = {isa = PBXBuildFile; fileRef = 09BF729722E311D500EAC931 /* UIView+Enhance.m */; };
		09BF72AB22E3121700EAC931 /* MediaOperator.swift in Sources */ = {isa = PBXBuildFile; fileRef = 09BF72A922E3121700EAC931 /* MediaOperator.swift */; };
		09BF72AC22E3121700EAC931 /* Device.swift in Sources */ = {isa = PBXBuildFile; fileRef = 09BF72AA22E3121700EAC931 /* Device.swift */; };
/* End PBXBuildFile section */

/* Begin PBXContainerItemProxy section */
		098DBB7522E202F600A9C325 /* PBXContainerItemProxy */ = {
			isa = PBXContainerItemProxy;
			containerPortal = 098DBB6122E202F600A9C325 /* Project object */;
			proxyType = 1;
			remoteGlobalIDString = 098DBB6922E202F600A9C325;
			remoteInfo = CoUtiles;
		};
/* End PBXContainerItemProxy section */

/* Begin PBXFileReference section */
		098DBB6A22E202F600A9C325 /* CoUtiles.framework */ = {isa = PBXFileReference; explicitFileType = wrapper.framework; includeInIndex = 0; path = CoUtiles.framework; sourceTree = BUILT_PRODUCTS_DIR; };
		098DBB6D22E202F600A9C325 /* CoUtiles.h */ = {isa = PBXFileReference; lastKnownFileType = sourcecode.c.h; path = CoUtiles.h; sourceTree = "<group>"; };
		098DBB6E22E202F600A9C325 /* Info.plist */ = {isa = PBXFileReference; lastKnownFileType = text.plist.xml; path = Info.plist; sourceTree = "<group>"; };
		098DBB7322E202F600A9C325 /* CoUtilesTests.xctest */ = {isa = PBXFileReference; explicitFileType = wrapper.cfbundle; includeInIndex = 0; path = CoUtilesTests.xctest; sourceTree = BUILT_PRODUCTS_DIR; };
		098DBB7822E202F600A9C325 /* CoUtilesTests.swift */ = {isa = PBXFileReference; lastKnownFileType = sourcecode.swift; path = CoUtilesTests.swift; sourceTree = "<group>"; };
		098DBB7A22E202F600A9C325 /* Info.plist */ = {isa = PBXFileReference; lastKnownFileType = text.plist.xml; path = Info.plist; sourceTree = "<group>"; };
		09BF728822E311D500EAC931 /* UIImage+Enhance.m */ = {isa = PBXFileReference; fileEncoding = 4; lastKnownFileType = sourcecode.c.objc; name = "UIImage+Enhance.m"; path = "CoUtiles/Categorys/UIImage+Enhance.m"; sourceTree = SOURCE_ROOT; };
		09BF728922E311D500EAC931 /* NSArray+Enhance.m */ = {isa = PBXFileReference; fileEncoding = 4; lastKnownFileType = sourcecode.c.objc; name = "NSArray+Enhance.m"; path = "CoUtiles/Categorys/NSArray+Enhance.m"; sourceTree = SOURCE_ROOT; };
		09BF728A22E311D500EAC931 /* UIViewController+Enhance.m */ = {isa = PBXFileReference; fileEncoding = 4; lastKnownFileType = sourcecode.c.objc; name = "UIViewController+Enhance.m"; path = "CoUtiles/Categorys/UIViewController+Enhance.m"; sourceTree = SOURCE_ROOT; };
		09BF728B22E311D500EAC931 /* NSString+Enhance.m */ = {isa = PBXFileReference; fileEncoding = 4; lastKnownFileType = sourcecode.c.objc; name = "NSString+Enhance.m"; path = "CoUtiles/Categorys/NSString+Enhance.m"; sourceTree = SOURCE_ROOT; };
		09BF728C22E311D500EAC931 /* NSArray+Enhance.h */ = {isa = PBXFileReference; fileEncoding = 4; lastKnownFileType = sourcecode.c.h; name = "NSArray+Enhance.h"; path = "CoUtiles/Categorys/NSArray+Enhance.h"; sourceTree = SOURCE_ROOT; };
		09BF728D22E311D500EAC931 /* NSFileManager+Enhance.m */ = {isa = PBXFileReference; fileEncoding = 4; lastKnownFileType = sourcecode.c.objc; name = "NSFileManager+Enhance.m"; path = "CoUtiles/Categorys/NSFileManager+Enhance.m"; sourceTree = SOURCE_ROOT; };
		09BF728E22E311D500EAC931 /* NSString+Enhance.h */ = {isa = PBXFileReference; fileEncoding = 4; lastKnownFileType = sourcecode.c.h; name = "NSString+Enhance.h"; path = "CoUtiles/Categorys/NSString+Enhance.h"; sourceTree = SOURCE_ROOT; };
		09BF728F22E311D500EAC931 /* NSDictionary+Enhance.h */ = {isa = PBXFileReference; fileEncoding = 4; lastKnownFileType = sourcecode.c.h; name = "NSDictionary+Enhance.h"; path = "CoUtiles/Categorys/NSDictionary+Enhance.h"; sourceTree = SOURCE_ROOT; };
		09BF729022E311D500EAC931 /* UIView+Enhance.h */ = {isa = PBXFileReference; fileEncoding = 4; lastKnownFileType = sourcecode.c.h; name = "UIView+Enhance.h"; path = "CoUtiles/Categorys/UIView+Enhance.h"; sourceTree = SOURCE_ROOT; };
		09BF729122E311D500EAC931 /* NSData+Enhance.m */ = {isa = PBXFileReference; fileEncoding = 4; lastKnownFileType = sourcecode.c.objc; name = "NSData+Enhance.m"; path = "CoUtiles/Categorys/NSData+Enhance.m"; sourceTree = SOURCE_ROOT; };
		09BF729222E311D500EAC931 /* UIViewController+Enhance.h */ = {isa = PBXFileReference; fileEncoding = 4; lastKnownFileType = sourcecode.c.h; name = "UIViewController+Enhance.h"; path = "CoUtiles/Categorys/UIViewController+Enhance.h"; sourceTree = SOURCE_ROOT; };
		09BF729322E311D500EAC931 /* NSDictionary+Enhance.m */ = {isa = PBXFileReference; fileEncoding = 4; lastKnownFileType = sourcecode.c.objc; name = "NSDictionary+Enhance.m"; path = "CoUtiles/Categorys/NSDictionary+Enhance.m"; sourceTree = SOURCE_ROOT; };
		09BF729422E311D500EAC931 /* UIImage+Enhance.h */ = {isa = PBXFileReference; fileEncoding = 4; lastKnownFileType = sourcecode.c.h; name = "UIImage+Enhance.h"; path = "CoUtiles/Categorys/UIImage+Enhance.h"; sourceTree = SOURCE_ROOT; };
		09BF729522E311D500EAC931 /* NSFileManager+Enhance.h */ = {isa = PBXFileReference; fileEncoding = 4; lastKnownFileType = sourcecode.c.h; name = "NSFileManager+Enhance.h"; path = "CoUtiles/Categorys/NSFileManager+Enhance.h"; sourceTree = SOURCE_ROOT; };
		09BF729622E311D500EAC931 /* NSData+Enhance.h */ = {isa = PBXFileReference; fileEncoding = 4; lastKnownFileType = sourcecode.c.h; name = "NSData+Enhance.h"; path = "CoUtiles/Categorys/NSData+Enhance.h"; sourceTree = SOURCE_ROOT; };
		09BF729722E311D500EAC931 /* UIView+Enhance.m */ = {isa = PBXFileReference; fileEncoding = 4; lastKnownFileType = sourcecode.c.objc; name = "UIView+Enhance.m"; path = "CoUtiles/Categorys/UIView+Enhance.m"; sourceTree = SOURCE_ROOT; };
		09BF72A922E3121700EAC931 /* MediaOperator.swift */ = {isa = PBXFileReference; fileEncoding = 4; lastKnownFileType = sourcecode.swift; name = MediaOperator.swift; path = swift/MediaOperator.swift; sourceTree = "<group>"; };
		09BF72AA22E3121700EAC931 /* Device.swift */ = {isa = PBXFileReference; fileEncoding = 4; lastKnownFileType = sourcecode.swift; name = Device.swift; path = swift/Device.swift; sourceTree = "<group>"; };
/* End PBXFileReference section */

/* Begin PBXFrameworksBuildPhase section */
		098DBB6722E202F600A9C325 /* Frameworks */ = {
			isa = PBXFrameworksBuildPhase;
			buildActionMask = 2147483647;
			files = (
			);
			runOnlyForDeploymentPostprocessing = 0;
		};
		098DBB7022E202F600A9C325 /* Frameworks */ = {
			isa = PBXFrameworksBuildPhase;
			buildActionMask = 2147483647;
			files = (
				098DBB7422E202F600A9C325 /* CoUtiles.framework in Frameworks */,
			);
			runOnlyForDeploymentPostprocessing = 0;
		};
/* End PBXFrameworksBuildPhase section */

/* Begin PBXGroup section */
		098DBB6022E202F600A9C325 = {
			isa = PBXGroup;
			children = (
				098DBB6C22E202F600A9C325 /* CoUtiles */,
				098DBB7722E202F600A9C325 /* CoUtilesTests */,
				098DBB6B22E202F600A9C325 /* Products */,
			);
			sourceTree = "<group>";
		};
		098DBB6B22E202F600A9C325 /* Products */ = {
			isa = PBXGroup;
			children = (
				098DBB6A22E202F600A9C325 /* CoUtiles.framework */,
				098DBB7322E202F600A9C325 /* CoUtilesTests.xctest */,
			);
			name = Products;
			sourceTree = "<group>";
		};
		098DBB6C22E202F600A9C325 /* CoUtiles */ = {
			isa = PBXGroup;
			children = (
				09BF728722E311B600EAC931 /* Categorys */,
				098DBB8722E203E200A9C325 /* Models */,
				098DBB8622E203D500A9C325 /* Viewcontrollers */,
				098DBB8522E203CD00A9C325 /* Views */,
				098DBB8422E203BF00A9C325 /* Extensions */,
				098DBB6D22E202F600A9C325 /* CoUtiles.h */,
				098DBB6E22E202F600A9C325 /* Info.plist */,
			);
			path = CoUtiles;
			sourceTree = "<group>";
		};
		098DBB7722E202F600A9C325 /* CoUtilesTests */ = {
			isa = PBXGroup;
			children = (
				098DBB7822E202F600A9C325 /* CoUtilesTests.swift */,
				098DBB7A22E202F600A9C325 /* Info.plist */,
			);
			path = CoUtilesTests;
			sourceTree = "<group>";
		};
		098DBB8422E203BF00A9C325 /* Extensions */ = {
			isa = PBXGroup;
			children = (
			);
			path = Extensions;
			sourceTree = "<group>";
		};
		098DBB8522E203CD00A9C325 /* Views */ = {
			isa = PBXGroup;
			children = (
			);
			path = Views;
			sourceTree = "<group>";
		};
		098DBB8622E203D500A9C325 /* Viewcontrollers */ = {
			isa = PBXGroup;
			children = (
			);
			path = Viewcontrollers;
			sourceTree = "<group>";
		};
		098DBB8722E203E200A9C325 /* Models */ = {
			isa = PBXGroup;
			children = (
				09BF72AA22E3121700EAC931 /* Device.swift */,
				09BF72A922E3121700EAC931 /* MediaOperator.swift */,
				09BF72A822E311F300EAC931 /* Ocs */,
			);
			path = Models;
			sourceTree = "<group>";
		};
		09BF728722E311B600EAC931 /* Categorys */ = {
			isa = PBXGroup;
			children = (
				09BF728C22E311D500EAC931 /* NSArray+Enhance.h */,
				09BF728922E311D500EAC931 /* NSArray+Enhance.m */,
				09BF729622E311D500EAC931 /* NSData+Enhance.h */,
				09BF729122E311D500EAC931 /* NSData+Enhance.m */,
				09BF728F22E311D500EAC931 /* NSDictionary+Enhance.h */,
				09BF729322E311D500EAC931 /* NSDictionary+Enhance.m */,
				09BF729522E311D500EAC931 /* NSFileManager+Enhance.h */,
				09BF728D22E311D500EAC931 /* NSFileManager+Enhance.m */,
				09BF728E22E311D500EAC931 /* NSString+Enhance.h */,
				09BF728B22E311D500EAC931 /* NSString+Enhance.m */,
				09BF729422E311D500EAC931 /* UIImage+Enhance.h */,
				09BF728822E311D500EAC931 /* UIImage+Enhance.m */,
				09BF729022E311D500EAC931 /* UIView+Enhance.h */,
				09BF729722E311D500EAC931 /* UIView+Enhance.m */,
				09BF729222E311D500EAC931 /* UIViewController+Enhance.h */,
				09BF728A22E311D500EAC931 /* UIViewController+Enhance.m */,
			);
			path = Categorys;
			sourceTree = "<group>";
		};
		09BF72A822E311F300EAC931 /* Ocs */ = {
			isa = PBXGroup;
			children = (
			);
			path = Ocs;
			sourceTree = "<group>";
		};
/* End PBXGroup section */

/* Begin PBXHeadersBuildPhase section */
		098DBB6522E202F600A9C325 /* Headers */ = {
			isa = PBXHeadersBuildPhase;
			buildActionMask = 2147483647;
			files = (
				09BF72A222E311D500EAC931 /* UIViewController+Enhance.h in Headers */,
				09BF729F22E311D500EAC931 /* NSDictionary+Enhance.h in Headers */,
				09BF729C22E311D500EAC931 /* NSArray+Enhance.h in Headers */,
				09BF729E22E311D500EAC931 /* NSString+Enhance.h in Headers */,
				09BF72A422E311D500EAC931 /* UIImage+Enhance.h in Headers */,
				09BF72A622E311D500EAC931 /* NSData+Enhance.h in Headers */,
				09BF72A022E311D500EAC931 /* UIView+Enhance.h in Headers */,
				09BF72A522E311D500EAC931 /* NSFileManager+Enhance.h in Headers */,
				098DBB7B22E202F600A9C325 /* CoUtiles.h in Headers */,
			);
			runOnlyForDeploymentPostprocessing = 0;
		};
/* End PBXHeadersBuildPhase section */

/* Begin PBXNativeTarget section */
		098DBB6922E202F600A9C325 /* CoUtiles */ = {
			isa = PBXNativeTarget;
			buildConfigurationList = 098DBB7E22E202F600A9C325 /* Build configuration list for PBXNativeTarget "CoUtiles" */;
			buildPhases = (
				098DBB6522E202F600A9C325 /* Headers */,
				098DBB6622E202F600A9C325 /* Sources */,
				098DBB6722E202F600A9C325 /* Frameworks */,
				098DBB6822E202F600A9C325 /* Resources */,
			);
			buildRules = (
			);
			dependencies = (
			);
			name = CoUtiles;
			productName = CoUtiles;
			productReference = 098DBB6A22E202F600A9C325 /* CoUtiles.framework */;
			productType = "com.apple.product-type.framework";
		};
		098DBB7222E202F600A9C325 /* CoUtilesTests */ = {
			isa = PBXNativeTarget;
			buildConfigurationList = 098DBB8122E202F600A9C325 /* Build configuration list for PBXNativeTarget "CoUtilesTests" */;
			buildPhases = (
				098DBB6F22E202F600A9C325 /* Sources */,
				098DBB7022E202F600A9C325 /* Frameworks */,
				098DBB7122E202F600A9C325 /* Resources */,
			);
			buildRules = (
			);
			dependencies = (
				098DBB7622E202F600A9C325 /* PBXTargetDependency */,
			);
			name = CoUtilesTests;
			productName = CoUtilesTests;
			productReference = 098DBB7322E202F600A9C325 /* CoUtilesTests.xctest */;
			productType = "com.apple.product-type.bundle.unit-test";
		};
/* End PBXNativeTarget section */

/* Begin PBXProject section */
		098DBB6122E202F600A9C325 /* Project object */ = {
			isa = PBXProject;
			attributes = {
				LastSwiftUpdateCheck = 1100;
				LastUpgradeCheck = 1100;
				ORGANIZATIONNAME = "YJ Huang";
				TargetAttributes = {
					098DBB6922E202F600A9C325 = {
						CreatedOnToolsVersion = 11.0;
						LastSwiftMigration = 1100;
					};
					098DBB7222E202F600A9C325 = {
						CreatedOnToolsVersion = 11.0;
					};
				};
			};
			buildConfigurationList = 098DBB6422E202F600A9C325 /* Build configuration list for PBXProject "CoUtiles" */;
			compatibilityVersion = "Xcode 9.3";
			developmentRegion = en;
			hasScannedForEncodings = 0;
			knownRegions = (
				en,
				Base,
			);
			mainGroup = 098DBB6022E202F600A9C325;
			productRefGroup = 098DBB6B22E202F600A9C325 /* Products */;
			projectDirPath = "";
			projectRoot = "";
			targets = (
				098DBB6922E202F600A9C325 /* CoUtiles */,
				098DBB7222E202F600A9C325 /* CoUtilesTests */,
			);
		};
/* End PBXProject section */

/* Begin PBXResourcesBuildPhase section */
		098DBB6822E202F600A9C325 /* Resources */ = {
			isa = PBXResourcesBuildPhase;
			buildActionMask = 2147483647;
			files = (
			);
			runOnlyForDeploymentPostprocessing = 0;
		};
		098DBB7122E202F600A9C325 /* Resources */ = {
			isa = PBXResourcesBuildPhase;
			buildActionMask = 2147483647;
			files = (
			);
			runOnlyForDeploymentPostprocessing = 0;
		};
/* End PBXResourcesBuildPhase section */

/* Begin PBXSourcesBuildPhase section */
		098DBB6622E202F600A9C325 /* Sources */ = {
			isa = PBXSourcesBuildPhase;
			buildActionMask = 2147483647;
			files = (
				09BF72AB22E3121700EAC931 /* MediaOperator.swift in Sources */,
				09BF729822E311D500EAC931 /* UIImage+Enhance.m in Sources */,
				09BF72A722E311D500EAC931 /* UIView+Enhance.m in Sources */,
				09BF729A22E311D500EAC931 /* UIViewController+Enhance.m in Sources */,
				09BF729D22E311D500EAC931 /* NSFileManager+Enhance.m in Sources */,
				09BF72A322E311D500EAC931 /* NSDictionary+Enhance.m in Sources */,
				09BF72A122E311D500EAC931 /* NSData+Enhance.m in Sources */,
				09BF729B22E311D500EAC931 /* NSString+Enhance.m in Sources */,
				09BF729922E311D500EAC931 /* NSArray+Enhance.m in Sources */,
				09BF72AC22E3121700EAC931 /* Device.swift in Sources */,
			);
			runOnlyForDeploymentPostprocessing = 0;
		};
		098DBB6F22E202F600A9C325 /* Sources */ = {
			isa = PBXSourcesBuildPhase;
			buildActionMask = 2147483647;
			files = (
				098DBB7922E202F600A9C325 /* CoUtilesTests.swift in Sources */,
			);
			runOnlyForDeploymentPostprocessing = 0;
		};
/* End PBXSourcesBuildPhase section */

/* Begin PBXTargetDependency section */
		098DBB7622E202F600A9C325 /* PBXTargetDependency */ = {
			isa = PBXTargetDependency;
			target = 098DBB6922E202F600A9C325 /* CoUtiles */;
			targetProxy = 098DBB7522E202F600A9C325 /* PBXContainerItemProxy */;
		};
/* End PBXTargetDependency section */

/* Begin XCBuildConfiguration section */
		098DBB7C22E202F600A9C325 /* Debug */ = {
			isa = XCBuildConfiguration;
			buildSettings = {
				ALWAYS_SEARCH_USER_PATHS = NO;
				CLANG_ANALYZER_NONNULL = YES;
				CLANG_ANALYZER_NUMBER_OBJECT_CONVERSION = YES_AGGRESSIVE;
				CLANG_CXX_LANGUAGE_STANDARD = "gnu++14";
				CLANG_CXX_LIBRARY = "libc++";
				CLANG_ENABLE_MODULES = YES;
				CLANG_ENABLE_OBJC_ARC = YES;
				CLANG_ENABLE_OBJC_WEAK = YES;
				CLANG_WARN_BLOCK_CAPTURE_AUTORELEASING = YES;
				CLANG_WARN_BOOL_CONVERSION = YES;
				CLANG_WARN_COMMA = YES;
				CLANG_WARN_CONSTANT_CONVERSION = YES;
				CLANG_WARN_DEPRECATED_OBJC_IMPLEMENTATIONS = YES;
				CLANG_WARN_DIRECT_OBJC_ISA_USAGE = YES_ERROR;
				CLANG_WARN_DOCUMENTATION_COMMENTS = YES;
				CLANG_WARN_EMPTY_BODY = YES;
				CLANG_WARN_ENUM_CONVERSION = YES;
				CLANG_WARN_INFINITE_RECURSION = YES;
				CLANG_WARN_INT_CONVERSION = YES;
				CLANG_WARN_NON_LITERAL_NULL_CONVERSION = YES;
				CLANG_WARN_OBJC_IMPLICIT_RETAIN_SELF = YES;
				CLANG_WARN_OBJC_LITERAL_CONVERSION = YES;
				CLANG_WARN_OBJC_ROOT_CLASS = YES_ERROR;
				CLANG_WARN_RANGE_LOOP_ANALYSIS = YES;
				CLANG_WARN_STRICT_PROTOTYPES = YES;
				CLANG_WARN_SUSPICIOUS_MOVE = YES;
				CLANG_WARN_UNGUARDED_AVAILABILITY = YES_AGGRESSIVE;
				CLANG_WARN_UNREACHABLE_CODE = YES;
				CLANG_WARN__DUPLICATE_METHOD_MATCH = YES;
				COPY_PHASE_STRIP = NO;
				CURRENT_PROJECT_VERSION = 1;
				DEBUG_INFORMATION_FORMAT = dwarf;
				ENABLE_STRICT_OBJC_MSGSEND = YES;
				ENABLE_TESTABILITY = YES;
				GCC_C_LANGUAGE_STANDARD = gnu11;
				GCC_DYNAMIC_NO_PIC = NO;
				GCC_NO_COMMON_BLOCKS = YES;
				GCC_OPTIMIZATION_LEVEL = 0;
				GCC_PREPROCESSOR_DEFINITIONS = (
					"DEBUG=1",
					"$(inherited)",
				);
				GCC_WARN_64_TO_32_BIT_CONVERSION = YES;
				GCC_WARN_ABOUT_RETURN_TYPE = YES_ERROR;
				GCC_WARN_UNDECLARED_SELECTOR = YES;
				GCC_WARN_UNINITIALIZED_AUTOS = YES_AGGRESSIVE;
				GCC_WARN_UNUSED_FUNCTION = YES;
				GCC_WARN_UNUSED_VARIABLE = YES;
				IPHONEOS_DEPLOYMENT_TARGET = 13.0;
				MTL_ENABLE_DEBUG_INFO = INCLUDE_SOURCE;
				MTL_FAST_MATH = YES;
				ONLY_ACTIVE_ARCH = YES;
				SDKROOT = iphoneos;
				SWIFT_ACTIVE_COMPILATION_CONDITIONS = DEBUG;
				SWIFT_OPTIMIZATION_LEVEL = "-Onone";
				VERSIONING_SYSTEM = "apple-generic";
				VERSION_INFO_PREFIX = "";
			};
			name = Debug;
		};
		098DBB7D22E202F600A9C325 /* Release */ = {
			isa = XCBuildConfiguration;
			buildSettings = {
				ALWAYS_SEARCH_USER_PATHS = NO;
				CLANG_ANALYZER_NONNULL = YES;
				CLANG_ANALYZER_NUMBER_OBJECT_CONVERSION = YES_AGGRESSIVE;
				CLANG_CXX_LANGUAGE_STANDARD = "gnu++14";
				CLANG_CXX_LIBRARY = "libc++";
				CLANG_ENABLE_MODULES = YES;
				CLANG_ENABLE_OBJC_ARC = YES;
				CLANG_ENABLE_OBJC_WEAK = YES;
				CLANG_WARN_BLOCK_CAPTURE_AUTORELEASING = YES;
				CLANG_WARN_BOOL_CONVERSION = YES;
				CLANG_WARN_COMMA = YES;
				CLANG_WARN_CONSTANT_CONVERSION = YES;
				CLANG_WARN_DEPRECATED_OBJC_IMPLEMENTATIONS = YES;
				CLANG_WARN_DIRECT_OBJC_ISA_USAGE = YES_ERROR;
				CLANG_WARN_DOCUMENTATION_COMMENTS = YES;
				CLANG_WARN_EMPTY_BODY = YES;
				CLANG_WARN_ENUM_CONVERSION = YES;
				CLANG_WARN_INFINITE_RECURSION = YES;
				CLANG_WARN_INT_CONVERSION = YES;
				CLANG_WARN_NON_LITERAL_NULL_CONVERSION = YES;
				CLANG_WARN_OBJC_IMPLICIT_RETAIN_SELF = YES;
				CLANG_WARN_OBJC_LITERAL_CONVERSION = YES;
				CLANG_WARN_OBJC_ROOT_CLASS = YES_ERROR;
				CLANG_WARN_RANGE_LOOP_ANALYSIS = YES;
				CLANG_WARN_STRICT_PROTOTYPES = YES;
				CLANG_WARN_SUSPICIOUS_MOVE = YES;
				CLANG_WARN_UNGUARDED_AVAILABILITY = YES_AGGRESSIVE;
				CLANG_WARN_UNREACHABLE_CODE = YES;
				CLANG_WARN__DUPLICATE_METHOD_MATCH = YES;
				COPY_PHASE_STRIP = NO;
				CURRENT_PROJECT_VERSION = 1;
				DEBUG_INFORMATION_FORMAT = "dwarf-with-dsym";
				ENABLE_NS_ASSERTIONS = NO;
				ENABLE_STRICT_OBJC_MSGSEND = YES;
				GCC_C_LANGUAGE_STANDARD = gnu11;
				GCC_NO_COMMON_BLOCKS = YES;
				GCC_WARN_64_TO_32_BIT_CONVERSION = YES;
				GCC_WARN_ABOUT_RETURN_TYPE = YES_ERROR;
				GCC_WARN_UNDECLARED_SELECTOR = YES;
				GCC_WARN_UNINITIALIZED_AUTOS = YES_AGGRESSIVE;
				GCC_WARN_UNUSED_FUNCTION = YES;
				GCC_WARN_UNUSED_VARIABLE = YES;
				IPHONEOS_DEPLOYMENT_TARGET = 13.0;
				MTL_ENABLE_DEBUG_INFO = NO;
				MTL_FAST_MATH = YES;
				SDKROOT = iphoneos;
				SWIFT_COMPILATION_MODE = wholemodule;
				SWIFT_OPTIMIZATION_LEVEL = "-O";
				VALIDATE_PRODUCT = YES;
				VERSIONING_SYSTEM = "apple-generic";
				VERSION_INFO_PREFIX = "";
			};
			name = Release;
		};
		098DBB7F22E202F600A9C325 /* Debug */ = {
			isa = XCBuildConfiguration;
			buildSettings = {
				CLANG_ENABLE_MODULES = YES;
				CODE_SIGN_STYLE = Automatic;
				DEFINES_MODULE = YES;
				DEVELOPMENT_TEAM = LQYRMHEZEZ;
				DYLIB_COMPATIBILITY_VERSION = 1;
				DYLIB_CURRENT_VERSION = 1;
				DYLIB_INSTALL_NAME_BASE = "@rpath";
				INFOPLIST_FILE = CoUtiles/Info.plist;
				INSTALL_PATH = "$(LOCAL_LIBRARY_DIR)/Frameworks";
				LD_RUNPATH_SEARCH_PATHS = (
					"$(inherited)",
					"@executable_path/Frameworks",
					"@loader_path/Frameworks",
				);
				PRODUCT_BUNDLE_IDENTIFIER = tw.com.jHuang.CoUtiles;
				PRODUCT_NAME = "$(TARGET_NAME:c99extidentifier)";
				SKIP_INSTALL = YES;
				SWIFT_OPTIMIZATION_LEVEL = "-Onone";
				SWIFT_VERSION = 5.0;
				TARGETED_DEVICE_FAMILY = "1,2";
			};
			name = Debug;
		};
		098DBB8022E202F600A9C325 /* Release */ = {
			isa = XCBuildConfiguration;
			buildSettings = {
				CLANG_ENABLE_MODULES = YES;
				CODE_SIGN_STYLE = Automatic;
				DEFINES_MODULE = YES;
				DEVELOPMENT_TEAM = LQYRMHEZEZ;
				DYLIB_COMPATIBILITY_VERSION = 1;
				DYLIB_CURRENT_VERSION = 1;
				DYLIB_INSTALL_NAME_BASE = "@rpath";
				INFOPLIST_FILE = CoUtiles/Info.plist;
				INSTALL_PATH = "$(LOCAL_LIBRARY_DIR)/Frameworks";
				LD_RUNPATH_SEARCH_PATHS = (
					"$(inherited)",
					"@executable_path/Frameworks",
					"@loader_path/Frameworks",
				);
				PRODUCT_BUNDLE_IDENTIFIER = tw.com.jHuang.CoUtiles;
				PRODUCT_NAME = "$(TARGET_NAME:c99extidentifier)";
				SKIP_INSTALL = YES;
				SWIFT_VERSION = 5.0;
				TARGETED_DEVICE_FAMILY = "1,2";
			};
			name = Release;
		};
		098DBB8222E202F600A9C325 /* Debug */ = {
			isa = XCBuildConfiguration;
			buildSettings = {
				ALWAYS_EMBED_SWIFT_STANDARD_LIBRARIES = YES;
				CODE_SIGN_STYLE = Automatic;
				DEVELOPMENT_TEAM = LQYRMHEZEZ;
				INFOPLIST_FILE = CoUtilesTests/Info.plist;
				LD_RUNPATH_SEARCH_PATHS = (
					"$(inherited)",
					"@executable_path/Frameworks",
					"@loader_path/Frameworks",
				);
				PRODUCT_BUNDLE_IDENTIFIER = tw.com.jHuang.CoUtilesTests;
				PRODUCT_NAME = "$(TARGET_NAME)";
				SWIFT_VERSION = 5.0;
				TARGETED_DEVICE_FAMILY = "1,2";
			};
			name = Debug;
		};
		098DBB8322E202F600A9C325 /* Release */ = {
			isa = XCBuildConfiguration;
			buildSettings = {
				ALWAYS_EMBED_SWIFT_STANDARD_LIBRARIES = YES;
				CODE_SIGN_STYLE = Automatic;
				DEVELOPMENT_TEAM = LQYRMHEZEZ;
				INFOPLIST_FILE = CoUtilesTests/Info.plist;
				LD_RUNPATH_SEARCH_PATHS = (
					"$(inherited)",
					"@executable_path/Frameworks",
					"@loader_path/Frameworks",
				);
				PRODUCT_BUNDLE_IDENTIFIER = tw.com.jHuang.CoUtilesTests;
				PRODUCT_NAME = "$(TARGET_NAME)";
				SWIFT_VERSION = 5.0;
				TARGETED_DEVICE_FAMILY = "1,2";
			};
			name = Release;
		};
/* End XCBuildConfiguration section */

/* Begin XCConfigurationList section */
		098DBB6422E202F600A9C325 /* Build configuration list for PBXProject "CoUtiles" */ = {
			isa = XCConfigurationList;
			buildConfigurations = (
				098DBB7C22E202F600A9C325 /* Debug */,
				098DBB7D22E202F600A9C325 /* Release */,
			);
			defaultConfigurationIsVisible = 0;
			defaultConfigurationName = Release;
		};
		098DBB7E22E202F600A9C325 /* Build configuration list for PBXNativeTarget "CoUtiles" */ = {
			isa = XCConfigurationList;
			buildConfigurations = (
				098DBB7F22E202F600A9C325 /* Debug */,
				098DBB8022E202F600A9C325 /* Release */,
			);
			defaultConfigurationIsVisible = 0;
			defaultConfigurationName = Release;
		};
		098DBB8122E202F600A9C325 /* Build configuration list for PBXNativeTarget "CoUtilesTests" */ = {
			isa = XCConfigurationList;
			buildConfigurations = (
				098DBB8222E202F600A9C325 /* Debug */,
				098DBB8322E202F600A9C325 /* Release */,
			);
			defaultConfigurationIsVisible = 0;
			defaultConfigurationName = Release;
		};
/* End XCConfigurationList section */
	};
	rootObject = 098DBB6122E202F600A9C325 /* Project object */;
}
